
Microsoft Visual Studio Solution File, Format Version 12.00
# Visual Studio Version 16
VisualStudioVersion = 16.0.31702.278
MinimumVisualStudioVersion = 10.0.40219.1
Project("{8BC9CEB8-8B4A-11D0-8D11-00A0C91BC942}") = "ConsoleCpp", "ConsoleCpp\ConsoleCpp.vcxproj", "{E6E39292-451B-4E1E-AF04-54910BEA1A87}"
EndProject
Project("{8BC9CEB8-8B4A-11D0-8D11-00A0C91BC942}") = "Othello", "Othello\Othello.vcxproj", "{B922AB28-C6D3-478A-8C5B-D73CFB5E2920}"
EndProject
Project("{FAE04EC0-301F-11D3-BF4B-00C04F79EFBC}") = "OthelloReversi", "OthelloReversi\OthelloReversi.csproj", "{7A00D544-B739-41E6-A42E-725D5889D12F}"
	ProjectSection(ProjectDependencies) = postProject
		{B922AB28-C6D3-478A-8C5B-D73CFB5E2920} = {B922AB28-C6D3-478A-8C5B-D73CFB5E2920}
	EndProjectSection
EndProject
Global
	GlobalSection(SolutionConfigurationPlatforms) = preSolution
		Debug|Any CPU = Debug|Any CPU
		Debug|x64 = Debug|x64
		Debug|x86 = Debug|x86
		Release|Any CPU = Release|Any CPU
		Release|x64 = Release|x64
		Release|x86 = Release|x86
	EndGlobalSection
	GlobalSection(ProjectConfigurationPlatforms) = postSolution
		{E6E39292-451B-4E1E-AF04-54910BEA1A87}.Debug|Any CPU.ActiveCfg = Debug|Win32
		{E6E39292-451B-4E1E-AF04-54910BEA1A87}.Debug|x64.ActiveCfg = Debug|x64
		{E6E39292-451B-4E1E-AF04-54910BEA1A87}.Debug|x64.Build.0 = Debug|x64
		{E6E39292-451B-4E1E-AF04-54910BEA1A87}.Debug|x86.ActiveCfg = Debug|Win32
		{E6E39292-451B-4E1E-AF04-54910BEA1A87}.Debug|x86.Build.0 = Debug|Win32
		{E6E39292-451B-4E1E-AF04-54910BEA1A87}.Release|Any CPU.ActiveCfg = Release|Win32
		{E6E39292-451B-4E1E-AF04-54910BEA1A87}.Release|x64.ActiveCfg = Release|x64
		{E6E39292-451B-4E1E-AF04-54910BEA1A87}.Release|x64.Build.0 = Release|x64
		{E6E39292-451B-4E1E-AF04-54910BEA1A87}.Release|x86.ActiveCfg = Release|Win32
		{E6E39292-451B-4E1E-AF04-54910BEA1A87}.Release|x86.Build.0 = Release|Win32
		{B922AB28-C6D3-478A-8C5B-D73CFB5E2920}.Debug|Any CPU.ActiveCfg = Debug|Win32
		{B922AB28-C6D3-478A-8C5B-D73CFB5E2920}.Debug|x64.ActiveCfg = Debug|x64
		{B922AB28-C6D3-478A-8C5B-D73CFB5E2920}.Debug|x64.Build.0 = Debug|x64
		{B922AB28-C6D3-478A-8C5B-D73CFB5E2920}.Debug|x86.ActiveCfg = Debug|Win32
		{B922AB28-C6D3-478A-8C5B-D73CFB5E2920}.Debug|x86.Build.0 = Debug|Win32
		{B922AB28-C6D3-478A-8C5B-D73CFB5E2920}.Release|Any CPU.ActiveCfg = Release|Win32
		{B922AB28-C6D3-478A-8C5B-D73CFB5E2920}.Release|x64.ActiveCfg = Release|x64
		{B922AB28-C6D3-478A-8C5B-D73CFB5E2920}.Release|x64.Build.0 = Release|x64
		{B922AB28-C6D3-478A-8C5B-D73CFB5E2920}.Release|x86.ActiveCfg = Release|Win32
		{B922AB28-C6D3-478A-8C5B-D73CFB5E2920}.Release|x86.Build.0 = Release|Win32
		{7A00D544-B739-41E6-A42E-725D5889D12F}.Debug|Any CPU.ActiveCfg = Debug|Any CPU
		{7A00D544-B739-41E6-A42E-725D5889D12F}.Debug|Any CPU.Build.0 = Debug|Any CPU
		{7A00D544-B739-41E6-A42E-725D5889D12F}.Debug|x64.ActiveCfg = Debug|Any CPU
		{7A00D544-B739-41E6-A42E-725D5889D12F}.Debug|x64.Build.0 = Debug|Any CPU
		{7A00D544-B739-41E6-A42E-725D5889D12F}.Debug|x86.ActiveCfg = Debug|Any CPU
		{7A00D544-B739-41E6-A42E-725D5889D12F}.Debug|x86.Build.0 = Debug|Any CPU
		{7A00D544-B739-41E6-A42E-725D5889D12F}.Release|Any CPU.ActiveCfg = Release|Any CPU
		{7A00D544-B739-41E6-A42E-725D5889D12F}.Release|Any CPU.Build.0 = Release|Any CPU
		{7A00D544-B739-41E6-A42E-725D5889D12F}.Release|x64.ActiveCfg = Release|Any CPU
		{7A00D544-B739-41E6-A42E-725D5889D12F}.Release|x64.Build.0 = Release|Any CPU
		{7A00D544-B739-41E6-A42E-725D5889D12F}.Release|x86.ActiveCfg = Release|Any CPU
		{7A00D544-B739-41E6-A42E-725D5889D12F}.Release|x86.Build.0 = Release|Any CPU
	EndGlobalSection
	GlobalSection(SolutionProperties) = preSolution
		HideSolutionNode = FALSE
	EndGlobalSection
	GlobalSection(ExtensibilityGlobals) = postSolution
		SolutionGuid = {D6EAAC34-5A31-4D64-8911-DB440BB5D185}
	EndGlobalSection
EndGlobal
